// !$*UTF8*$!
{
	archiveVersion = 1;
	classes = {
	};
	objectVersion = 56;
	objects = {

/* Begin PBXBuildFile section */
		787154082C760F0800988311 /* AppDelegate.swift in Sources */ = {isa = PBXBuildFile; fileRef = 787154072C760F0800988311 /* AppDelegate.swift */; };
		7871540A2C760F0800988311 /* SceneDelegate.swift in Sources */ = {isa = PBXBuildFile; fileRef = 787154092C760F0800988311 /* SceneDelegate.swift */; };
		7871540C2C760F0800988311 /* ViewController.swift in Sources */ = {isa = PBXBuildFile; fileRef = 7871540B2C760F0800988311 /* ViewController.swift */; };
		7871540F2C760F0800988311 /* Base in Resources */ = {isa = PBXBuildFile; fileRef = 7871540E2C760F0800988311 /* Base */; };
		787154112C760F0900988311 /* Assets.xcassets in Resources */ = {isa = PBXBuildFile; fileRef = 787154102C760F0900988311 /* Assets.xcassets */; };
		787154142C760F0900988311 /* Base in Resources */ = {isa = PBXBuildFile; fileRef = 787154132C760F0900988311 /* Base */; };
		7871541F2C760F0A00988311 /* gitTest322Tests.swift in Sources */ = {isa = PBXBuildFile; fileRef = 7871541E2C760F0A00988311 /* gitTest322Tests.swift */; };
		787154292C760F0A00988311 /* gitTest322UITests.swift in Sources */ = {isa = PBXBuildFile; fileRef = 787154282C760F0A00988311 /* gitTest322UITests.swift */; };
		7871542B2C760F0A00988311 /* gitTest322UITestsLaunchTests.swift in Sources */ = {isa = PBXBuildFile; fileRef = 7871542A2C760F0A00988311 /* gitTest322UITestsLaunchTests.swift */; };
/* End PBXBuildFile section */

/* Begin PBXContainerItemProxy section */
		7871541B2C760F0A00988311 /* PBXContainerItemProxy */ = {
			isa = PBXContainerItemProxy;
			containerPortal = 787153FC2C760F0800988311 /* Project object */;
			proxyType = 1;
			remoteGlobalIDString = 787154032C760F0800988311;
			remoteInfo = gitTest322;
		};
		787154252C760F0A00988311 /* PBXContainerItemProxy */ = {
			isa = PBXContainerItemProxy;
			containerPortal = 787153FC2C760F0800988311 /* Project object */;
			proxyType = 1;
			remoteGlobalIDString = 787154032C760F0800988311;
			remoteInfo = gitTest322;
		};
/* End PBXContainerItemProxy section */

/* Begin PBXFileReference section */
		787154042C760F0800988311 /* gitTest322.app */ = {isa = PBXFileReference; explicitFileType = wrapper.application; includeInIndex = 0; path = gitTest322.app; sourceTree = BUILT_PRODUCTS_DIR; };
		787154072C760F0800988311 /* AppDelegate.swift */ = {isa = PBXFileReference; lastKnownFileType = sourcecode.swift; path = AppDelegate.swift; sourceTree = "<group>"; };
		787154092C760F0800988311 /* SceneDelegate.swift */ = {isa = PBXFileReference; lastKnownFileType = sourcecode.swift; path = SceneDelegate.swift; sourceTree = "<group>"; };
		7871540B2C760F0800988311 /* ViewController.swift */ = {isa = PBXFileReference; lastKnownFileType = sourcecode.swift; path = ViewController.swift; sourceTree = "<group>"; };
		7871540E2C760F0800988311 /* Base */ = {isa = PBXFileReference; lastKnownFileType = file.storyboard; name = Base; path = Base.lproj/Main.storyboard; sourceTree = "<group>"; };
		787154102C760F0900988311 /* Assets.xcassets */ = {isa = PBXFileReference; lastKnownFileType = folder.assetcatalog; path = Assets.xcassets; sourceTree = "<group>"; };
		787154132C760F0900988311 /* Base */ = {isa = PBXFileReference; lastKnownFileType = file.storyboard; name = Base; path = Base.lproj/LaunchScreen.storyboard; sourceTree = "<group>"; };
		787154152C760F0900988311 /* Info.plist */ = {isa = PBXFileReference; lastKnownFileType = text.plist.xml; path = Info.plist; sourceTree = "<group>"; };
		7871541A2C760F0A00988311 /* gitTest322Tests.xctest */ = {isa = PBXFileReference; explicitFileType = wrapper.cfbundle; includeInIndex = 0; path = gitTest322Tests.xctest; sourceTree = BUILT_PRODUCTS_DIR; };
		7871541E2C760F0A00988311 /* gitTest322Tests.swift */ = {isa = PBXFileReference; lastKnownFileType = sourcecode.swift; path = gitTest322Tests.swift; sourceTree = "<group>"; };
		787154242C760F0A00988311 /* gitTest322UITests.xctest */ = {isa = PBXFileReference; explicitFileType = wrapper.cfbundle; includeInIndex = 0; path = gitTest322UITests.xctest; sourceTree = BUILT_PRODUCTS_DIR; };
		787154282C760F0A00988311 /* gitTest322UITests.swift */ = {isa = PBXFileReference; lastKnownFileType = sourcecode.swift; path = gitTest322UITests.swift; sourceTree = "<group>"; };
		7871542A2C760F0A00988311 /* gitTest322UITestsLaunchTests.swift */ = {isa = PBXFileReference; lastKnownFileType = sourcecode.swift; path = gitTest322UITestsLaunchTests.swift; sourceTree = "<group>"; };
/* End PBXFileReference section */

/* Begin PBXFrameworksBuildPhase section */
		787154012C760F0800988311 /* Frameworks */ = {
			isa = PBXFrameworksBuildPhase;
			buildActionMask = 2147483647;
			files = (
			);
			runOnlyForDeploymentPostprocessing = 0;
		};
		787154172C760F0A00988311 /* Frameworks */ = {
			isa = PBXFrameworksBuildPhase;
			buildActionMask = 2147483647;
			files = (
			);
			runOnlyForDeploymentPostprocessing = 0;
		};
		787154212C760F0A00988311 /* Frameworks */ = {
			isa = PBXFrameworksBuildPhase;
			buildActionMask = 2147483647;
			files = (
			);
			runOnlyForDeploymentPostprocessing = 0;
		};
/* End PBXFrameworksBuildPhase section */

/* Begin PBXGroup section */
		787153FB2C760F0800988311 = {
			isa = PBXGroup;
			children = (
				787154062C760F0800988311 /* gitTest322 */,
				7871541D2C760F0A00988311 /* gitTest322Tests */,
				787154272C760F0A00988311 /* gitTest322UITests */,
				787154052C760F0800988311 /* Products */,
			);
			sourceTree = "<group>";
		};
		787154052C760F0800988311 /* Products */ = {
			isa = PBXGroup;
			children = (
				787154042C760F0800988311 /* gitTest322.app */,
				7871541A2C760F0A00988311 /* gitTest322Tests.xctest */,
				787154242C760F0A00988311 /* gitTest322UITests.xctest */,
			);
			name = Products;
			sourceTree = "<group>";
		};
		787154062C760F0800988311 /* gitTest322 */ = {
			isa = PBXGroup;
			children = (
				787154072C760F0800988311 /* AppDelegate.swift */,
				787154092C760F0800988311 /* SceneDelegate.swift */,
				7871540B2C760F0800988311 /* ViewController.swift */,
				7871540D2C760F0800988311 /* Main.storyboard */,
				787154102C760F0900988311 /* Assets.xcassets */,
				787154122C760F0900988311 /* LaunchScreen.storyboard */,
				787154152C760F0900988311 /* Info.plist */,
			);
			path = gitTest322;
			sourceTree = "<group>";
		};
		7871541D2C760F0A00988311 /* gitTest322Tests */ = {
			isa = PBXGroup;
			children = (
				7871541E2C760F0A00988311 /* gitTest322Tests.swift */,
			);
			path = gitTest322Tests;
			sourceTree = "<group>";
		};
		787154272C760F0A00988311 /* gitTest322UITests */ = {
			isa = PBXGroup;
			children = (
				787154282C760F0A00988311 /* gitTest322UITests.swift */,
				7871542A2C760F0A00988311 /* gitTest322UITestsLaunchTests.swift */,
			);
			path = gitTest322UITests;
			sourceTree = "<group>";
		};
/* End PBXGroup section */

/* Begin PBXNativeTarget section */
		787154032C760F0800988311 /* gitTest322 */ = {
			isa = PBXNativeTarget;
			buildConfigurationList = 7871542E2C760F0A00988311 /* Build configuration list for PBXNativeTarget "gitTest322" */;
			buildPhases = (
				787154002C760F0800988311 /* Sources */,
				787154012C760F0800988311 /* Frameworks */,
				787154022C760F0800988311 /* Resources */,
			);
			buildRules = (
			);
			dependencies = (
			);
			name = gitTest322;
			productName = gitTest322;
			productReference = 787154042C760F0800988311 /* gitTest322.app */;
			productType = "com.apple.product-type.application";
		};
		787154192C760F0A00988311 /* gitTest322Tests */ = {
			isa = PBXNativeTarget;
			buildConfigurationList = 787154312C760F0A00988311 /* Build configuration list for PBXNativeTarget "gitTest322Tests" */;
			buildPhases = (
				787154162C760F0A00988311 /* Sources */,
				787154172C760F0A00988311 /* Frameworks */,
				787154182C760F0A00988311 /* Resources */,
			);
			buildRules = (
			);
			dependencies = (
				7871541C2C760F0A00988311 /* PBXTargetDependency */,
			);
			name = gitTest322Tests;
			productName = gitTest322Tests;
			productReference = 7871541A2C760F0A00988311 /* gitTest322Tests.xctest */;
			productType = "com.apple.product-type.bundle.unit-test";
		};
		787154232C760F0A00988311 /* gitTest322UITests */ = {
			isa = PBXNativeTarget;
			buildConfigurationList = 787154342C760F0A00988311 /* Build configuration list for PBXNativeTarget "gitTest322UITests" */;
			buildPhases = (
				787154202C760F0A00988311 /* Sources */,
				787154212C760F0A00988311 /* Frameworks */,
				787154222C760F0A00988311 /* Resources */,
			);
			buildRules = (
			);
			dependencies = (
				787154262C760F0A00988311 /* PBXTargetDependency */,
			);
			name = gitTest322UITests;
			productName = gitTest322UITests;
			productReference = 787154242C760F0A00988311 /* gitTest322UITests.xctest */;
			productType = "com.apple.product-type.bundle.ui-testing";
		};
/* End PBXNativeTarget section */

/* Begin PBXProject section */
		787153FC2C760F0800988311 /* Project object */ = {
			isa = PBXProject;
			attributes = {
				BuildIndependentTargetsInParallel = 1;
				LastSwiftUpdateCheck = 1540;
				LastUpgradeCheck = 1540;
				TargetAttributes = {
					787154032C760F0800988311 = {
						CreatedOnToolsVersion = 15.4;
					};
					787154192C760F0A00988311 = {
						CreatedOnToolsVersion = 15.4;
						TestTargetID = 787154032C760F0800988311;
					};
					787154232C760F0A00988311 = {
						CreatedOnToolsVersion = 15.4;
						TestTargetID = 787154032C760F0800988311;
					};
				};
			};
			buildConfigurationList = 787153FF2C760F0800988311 /* Build configuration list for PBXProject "gitTest322" */;
			compatibilityVersion = "Xcode 14.0";
			developmentRegion = en;
			hasScannedForEncodings = 0;
			knownRegions = (
				en,
				Base,
			);
			mainGroup = 787153FB2C760F0800988311;
			productRefGroup = 787154052C760F0800988311 /* Products */;
			projectDirPath = "";
			projectRoot = "";
			targets = (
				787154032C760F0800988311 /* gitTest322 */,
				787154192C760F0A00988311 /* gitTest322Tests */,
				787154232C760F0A00988311 /* gitTest322UITests */,
			);
		};
/* End PBXProject section */

/* Begin PBXResourcesBuildPhase section */
		787154022C760F0800988311 /* Resources */ = {
			isa = PBXResourcesBuildPhase;
			buildActionMask = 2147483647;
			files = (
				787154112C760F0900988311 /* Assets.xcassets in Resources */,
				787154142C760F0900988311 /* Base in Resources */,
				7871540F2C760F0800988311 /* Base in Resources */,
			);
			runOnlyForDeploymentPostprocessing = 0;
		};
		787154182C760F0A00988311 /* Resources */ = {
			isa = PBXResourcesBuildPhase;
			buildActionMask = 2147483647;
			files = (
			);
			runOnlyForDeploymentPostprocessing = 0;
		};
		787154222C760F0A00988311 /* Resources */ = {
			isa = PBXResourcesBuildPhase;
			buildActionMask = 2147483647;
			files = (
			);
			runOnlyForDeploymentPostprocessing = 0;
		};
/* End PBXResourcesBuildPhase section */

/* Begin PBXSourcesBuildPhase section */
		787154002C760F0800988311 /* Sources */ = {
			isa = PBXSourcesBuildPhase;
			buildActionMask = 2147483647;
			files = (
				7871540C2C760F0800988311 /* ViewController.swift in Sources */,
				787154082C760F0800988311 /* AppDelegate.swift in Sources */,
				7871540A2C760F0800988311 /* SceneDelegate.swift in Sources */,
			);
			runOnlyForDeploymentPostprocessing = 0;
		};
		787154162C760F0A00988311 /* Sources */ = {
			isa = PBXSourcesBuildPhase;
			buildActionMask = 2147483647;
			files = (
				7871541F2C760F0A00988311 /* gitTest322Tests.swift in Sources */,
			);
			runOnlyForDeploymentPostprocessing = 0;
		};
		787154202C760F0A00988311 /* Sources */ = {
			isa = PBXSourcesBuildPhase;
			buildActionMask = 2147483647;
			files = (
				787154292C760F0A00988311 /* gitTest322UITests.swift in Sources */,
				7871542B2C760F0A00988311 /* gitTest322UITestsLaunchTests.swift in Sources */,
			);
			runOnlyForDeploymentPostprocessing = 0;
		};
/* End PBXSourcesBuildPhase section */

/* Begin PBXTargetDependency section */
		7871541C2C760F0A00988311 /* PBXTargetDependency */ = {
			isa = PBXTargetDependency;
			target = 787154032C760F0800988311 /* gitTest322 */;
			targetProxy = 7871541B2C760F0A00988311 /* PBXContainerItemProxy */;
		};
		787154262C760F0A00988311 /* PBXTargetDependency */ = {
			isa = PBXTargetDependency;
			target = 787154032C760F0800988311 /* gitTest322 */;
			targetProxy = 787154252C760F0A00988311 /* PBXContainerItemProxy */;
		};
/* End PBXTargetDependency section */

/* Begin PBXVariantGroup section */
		7871540D2C760F0800988311 /* Main.storyboard */ = {
			isa = PBXVariantGroup;
			children = (
				7871540E2C760F0800988311 /* Base */,
			);
			name = Main.storyboard;
			sourceTree = "<group>";
		};
		787154122C760F0900988311 /* LaunchScreen.storyboard */ = {
			isa = PBXVariantGroup;
			children = (
				787154132C760F0900988311 /* Base */,
			);
			name = LaunchScreen.storyboard;
			sourceTree = "<group>";
		};
/* End PBXVariantGroup section */

/* Begin XCBuildConfiguration section */
		7871542C2C760F0A00988311 /* Debug */ = {
			isa = XCBuildConfiguration;
			buildSettings = {
				ALWAYS_SEARCH_USER_PATHS = NO;
				ASSETCATALOG_COMPILER_GENERATE_SWIFT_ASSET_SYMBOL_EXTENSIONS = YES;
				CLANG_ANALYZER_NONNULL = YES;
				CLANG_ANALYZER_NUMBER_OBJECT_CONVERSION = YES_AGGRESSIVE;
				CLANG_CXX_LANGUAGE_STANDARD = "gnu++20";
				CLANG_ENABLE_MODULES = YES;
				CLANG_ENABLE_OBJC_ARC = YES;
				CLANG_ENABLE_OBJC_WEAK = YES;
				CLANG_WARN_BLOCK_CAPTURE_AUTORELEASING = YES;
				CLANG_WARN_BOOL_CONVERSION = YES;
				CLANG_WARN_COMMA = YES;
				CLANG_WARN_CONSTANT_CONVERSION = YES;
				CLANG_WARN_DEPRECATED_OBJC_IMPLEMENTATIONS = YES;
				CLANG_WARN_DIRECT_OBJC_ISA_USAGE = YES_ERROR;
				CLANG_WARN_DOCUMENTATION_COMMENTS = YES;
				CLANG_WARN_EMPTY_BODY = YES;
				CLANG_WARN_ENUM_CONVERSION = YES;
				CLANG_WARN_INFINITE_RECURSION = YES;
				CLANG_WARN_INT_CONVERSION = YES;
				CLANG_WARN_NON_LITERAL_NULL_CONVERSION = YES;
				CLANG_WARN_OBJC_IMPLICIT_RETAIN_SELF = YES;
				CLANG_WARN_OBJC_LITERAL_CONVERSION = YES;
				CLANG_WARN_OBJC_ROOT_CLASS = YES_ERROR;
				CLANG_WARN_QUOTED_INCLUDE_IN_FRAMEWORK_HEADER = YES;
				CLANG_WARN_RANGE_LOOP_ANALYSIS = YES;
				CLANG_WARN_STRICT_PROTOTYPES = YES;
				CLANG_WARN_SUSPICIOUS_MOVE = YES;
				CLANG_WARN_UNGUARDED_AVAILABILITY = YES_AGGRESSIVE;
				CLANG_WARN_UNREACHABLE_CODE = YES;
				CLANG_WARN__DUPLICATE_METHOD_MATCH = YES;
				COPY_PHASE_STRIP = NO;
				DEBUG_INFORMATION_FORMAT = dwarf;
				ENABLE_STRICT_OBJC_MSGSEND = YES;
				ENABLE_TESTABILITY = YES;
				ENABLE_USER_SCRIPT_SANDBOXING = YES;
				GCC_C_LANGUAGE_STANDARD = gnu17;
				GCC_DYNAMIC_NO_PIC = NO;
				GCC_NO_COMMON_BLOCKS = YES;
				GCC_OPTIMIZATION_LEVEL = 0;
				GCC_PREPROCESSOR_DEFINITIONS = (
					"DEBUG=1",
					"$(inherited)",
				);
				GCC_WARN_64_TO_32_BIT_CONVERSION = YES;
				GCC_WARN_ABOUT_RETURN_TYPE = YES_ERROR;
				GCC_WARN_UNDECLARED_SELECTOR = YES;
				GCC_WARN_UNINITIALIZED_AUTOS = YES_AGGRESSIVE;
				GCC_WARN_UNUSED_FUNCTION = YES;
				GCC_WARN_UNUSED_VARIABLE = YES;
				IPHONEOS_DEPLOYMENT_TARGET = 17.5;
				LOCALIZATION_PREFERS_STRING_CATALOGS = YES;
				MTL_ENABLE_DEBUG_INFO = INCLUDE_SOURCE;
				MTL_FAST_MATH = YES;
				ONLY_ACTIVE_ARCH = YES;
				SDKROOT = iphoneos;
				SWIFT_ACTIVE_COMPILATION_CONDITIONS = "DEBUG $(inherited)";
				SWIFT_OPTIMIZATION_LEVEL = "-Onone";
			};
			name = Debug;
		};
		7871542D2C760F0A00988311 /* Release */ = {
			isa = XCBuildConfiguration;
			buildSettings = {
				ALWAYS_SEARCH_USER_PATHS = NO;
				ASSETCATALOG_COMPILER_GENERATE_SWIFT_ASSET_SYMBOL_EXTENSIONS = YES;
				CLANG_ANALYZER_NONNULL = YES;
				CLANG_ANALYZER_NUMBER_OBJECT_CONVERSION = YES_AGGRESSIVE;
				CLANG_CXX_LANGUAGE_STANDARD = "gnu++20";
				CLANG_ENABLE_MODULES = YES;
				CLANG_ENABLE_OBJC_ARC = YES;
				CLANG_ENABLE_OBJC_WEAK = YES;
				CLANG_WARN_BLOCK_CAPTURE_AUTORELEASING = YES;
				CLANG_WARN_BOOL_CONVERSION = YES;
				CLANG_WARN_COMMA = YES;
				CLANG_WARN_CONSTANT_CONVERSION = YES;
				CLANG_WARN_DEPRECATED_OBJC_IMPLEMENTATIONS = YES;
				CLANG_WARN_DIRECT_OBJC_ISA_USAGE = YES_ERROR;
				CLANG_WARN_DOCUMENTATION_COMMENTS = YES;
				CLANG_WARN_EMPTY_BODY = YES;
				CLANG_WARN_ENUM_CONVERSION = YES;
				CLANG_WARN_INFINITE_RECURSION = YES;
				CLANG_WARN_INT_CONVERSION = YES;
				CLANG_WARN_NON_LITERAL_NULL_CONVERSION = YES;
				CLANG_WARN_OBJC_IMPLICIT_RETAIN_SELF = YES;
				CLANG_WARN_OBJC_LITERAL_CONVERSION = YES;
				CLANG_WARN_OBJC_ROOT_CLASS = YES_ERROR;
				CLANG_WARN_QUOTED_INCLUDE_IN_FRAMEWORK_HEADER = YES;
				CLANG_WARN_RANGE_LOOP_ANALYSIS = YES;
				CLANG_WARN_STRICT_PROTOTYPES = YES;
				CLANG_WARN_SUSPICIOUS_MOVE = YES;
				CLANG_WARN_UNGUARDED_AVAILABILITY = YES_AGGRESSIVE;
				CLANG_WARN_UNREACHABLE_CODE = YES;
				CLANG_WARN__DUPLICATE_METHOD_MATCH = YES;
				COPY_PHASE_STRIP = NO;
				DEBUG_INFORMATION_FORMAT = "dwarf-with-dsym";
				ENABLE_NS_ASSERTIONS = NO;
				ENABLE_STRICT_OBJC_MSGSEND = YES;
				ENABLE_USER_SCRIPT_SANDBOXING = YES;
				GCC_C_LANGUAGE_STANDARD = gnu17;
				GCC_NO_COMMON_BLOCKS = YES;
				GCC_WARN_64_TO_32_BIT_CONVERSION = YES;
				GCC_WARN_ABOUT_RETURN_TYPE = YES_ERROR;
				GCC_WARN_UNDECLARED_SELECTOR = YES;
				GCC_WARN_UNINITIALIZED_AUTOS = YES_AGGRESSIVE;
				GCC_WARN_UNUSED_FUNCTION = YES;
				GCC_WARN_UNUSED_VARIABLE = YES;
				IPHONEOS_DEPLOYMENT_TARGET = 17.5;
				LOCALIZATION_PREFERS_STRING_CATALOGS = YES;
				MTL_ENABLE_DEBUG_INFO = NO;
				MTL_FAST_MATH = YES;
				SDKROOT = iphoneos;
				SWIFT_COMPILATION_MODE = wholemodule;
				VALIDATE_PRODUCT = YES;
			};
			name = Release;
		};
		7871542F2C760F0A00988311 /* Debug */ = {
			isa = XCBuildConfiguration;
			buildSettings = {
				ASSETCATALOG_COMPILER_APPICON_NAME = AppIcon;
				ASSETCATALOG_COMPILER_GLOBAL_ACCENT_COLOR_NAME = AccentColor;
				CODE_SIGN_STYLE = Automatic;
				CURRENT_PROJECT_VERSION = 1;
				GENERATE_INFOPLIST_FILE = YES;
				INFOPLIST_FILE = gitTest322/Info.plist;
				INFOPLIST_KEY_UIApplicationSupportsIndirectInputEvents = YES;
				INFOPLIST_KEY_UILaunchStoryboardName = LaunchScreen;
				INFOPLIST_KEY_UIMainStoryboardFile = Main;
				INFOPLIST_KEY_UISupportedInterfaceOrientations_iPad = "UIInterfaceOrientationPortrait UIInterfaceOrientationPortraitUpsideDown UIInterfaceOrientationLandscapeLeft UIInterfaceOrientationLandscapeRight";
				INFOPLIST_KEY_UISupportedInterfaceOrientations_iPhone = "UIInterfaceOrientationPortrait UIInterfaceOrientationLandscapeLeft UIInterfaceOrientationLandscapeRight";
				LD_RUNPATH_SEARCH_PATHS = (
					"$(inherited)",
					"@executable_path/Frameworks",
				);
				MARKETING_VERSION = 1.0;
				PRODUCT_BUNDLE_IDENTIFIER = "swift-biginner.gitTest322";
				PRODUCT_NAME = "$(TARGET_NAME)";
				SWIFT_EMIT_LOC_STRINGS = YES;
				SWIFT_VERSION = 5.0;
				TARGETED_DEVICE_FAMILY = "1,2";
			};
			name = Debug;
		};
		787154302C760F0A00988311 /* Release */ = {
			isa = XCBuildConfiguration;
			buildSettings = {
				ASSETCATALOG_COMPILER_APPICON_NAME = AppIcon;
				ASSETCATALOG_COMPILER_GLOBAL_ACCENT_COLOR_NAME = AccentColor;
				CODE_SIGN_STYLE = Automatic;
				CURRENT_PROJECT_VERSION = 1;
				GENERATE_INFOPLIST_FILE = YES;
				INFOPLIST_FILE = gitTest322/Info.plist;
				INFOPLIST_KEY_UIApplicationSupportsIndirectInputEvents = YES;
				INFOPLIST_KEY_UILaunchStoryboardName = LaunchScreen;
				INFOPLIST_KEY_UIMainStoryboardFile = Main;
				INFOPLIST_KEY_UISupportedInterfaceOrientations_iPad = "UIInterfaceOrientationPortrait UIInterfaceOrientationPortraitUpsideDown UIInterfaceOrientationLandscapeLeft UIInterfaceOrientationLandscapeRight";
				INFOPLIST_KEY_UISupportedInterfaceOrientations_iPhone = "UIInterfaceOrientationPortrait UIInterfaceOrientationLandscapeLeft UIInterfaceOrientationLandscapeRight";
				LD_RUNPATH_SEARCH_PATHS = (
					"$(inherited)",
					"@executable_path/Frameworks",
				);
				MARKETING_VERSION = 1.0;
				PRODUCT_BUNDLE_IDENTIFIER = "swift-biginner.gitTest322";
				PRODUCT_NAME = "$(TARGET_NAME)";
				SWIFT_EMIT_LOC_STRINGS = YES;
				SWIFT_VERSION = 5.0;
				TARGETED_DEVICE_FAMILY = "1,2";
			};
			name = Release;
		};
		787154322C760F0A00988311 /* Debug */ = {
			isa = XCBuildConfiguration;
			buildSettings = {
				ALWAYS_EMBED_SWIFT_STANDARD_LIBRARIES = YES;
				BUNDLE_LOADER = "$(TEST_HOST)";
				CODE_SIGN_STYLE = Automatic;
				CURRENT_PROJECT_VERSION = 1;
				GENERATE_INFOPLIST_FILE = YES;
				IPHONEOS_DEPLOYMENT_TARGET = 17.5;
				MARKETING_VERSION = 1.0;
				PRODUCT_BUNDLE_IDENTIFIER = "swift-biginner.gitTest322Tests";
				PRODUCT_NAME = "$(TARGET_NAME)";
				SWIFT_EMIT_LOC_STRINGS = NO;
				SWIFT_VERSION = 5.0;
				TARGETED_DEVICE_FAMILY = "1,2";
				TEST_HOST = "$(BUILT_PRODUCTS_DIR)/gitTest322.app/$(BUNDLE_EXECUTABLE_FOLDER_PATH)/gitTest322";
			};
			name = Debug;
		};
		787154332C760F0A00988311 /* Release */ = {
			isa = XCBuildConfiguration;
			buildSettings = {
				ALWAYS_EMBED_SWIFT_STANDARD_LIBRARIES = YES;
				BUNDLE_LOADER = "$(TEST_HOST)";
				CODE_SIGN_STYLE = Automatic;
				CURRENT_PROJECT_VERSION = 1;
				GENERATE_INFOPLIST_FILE = YES;
				IPHONEOS_DEPLOYMENT_TARGET = 17.5;
				MARKETING_VERSION = 1.0;
				PRODUCT_BUNDLE_IDENTIFIER = "swift-biginner.gitTest322Tests";
				PRODUCT_NAME = "$(TARGET_NAME)";
				SWIFT_EMIT_LOC_STRINGS = NO;
				SWIFT_VERSION = 5.0;
				TARGETED_DEVICE_FAMILY = "1,2";
				TEST_HOST = "$(BUILT_PRODUCTS_DIR)/gitTest322.app/$(BUNDLE_EXECUTABLE_FOLDER_PATH)/gitTest322";
			};
			name = Release;
		};
		787154352C760F0A00988311 /* Debug */ = {
			isa = XCBuildConfiguration;
			buildSettings = {
				ALWAYS_EMBED_SWIFT_STANDARD_LIBRARIES = YES;
				CODE_SIGN_STYLE = Automatic;
				CURRENT_PROJECT_VERSION = 1;
				GENERATE_INFOPLIST_FILE = YES;
				MARKETING_VERSION = 1.0;
				PRODUCT_BUNDLE_IDENTIFIER = "swift-biginner.gitTest322UITests";
				PRODUCT_NAME = "$(TARGET_NAME)";
				SWIFT_EMIT_LOC_STRINGS = NO;
				SWIFT_VERSION = 5.0;
				TARGETED_DEVICE_FAMILY = "1,2";
				TEST_TARGET_NAME = gitTest322;
			};
			name = Debug;
		};
		787154362C760F0A00988311 /* Release */ = {
			isa = XCBuildConfiguration;
			buildSettings = {
				ALWAYS_EMBED_SWIFT_STANDARD_LIBRARIES = YES;
				CODE_SIGN_STYLE = Automatic;
				CURRENT_PROJECT_VERSION = 1;
				GENERATE_INFOPLIST_FILE = YES;
				MARKETING_VERSION = 1.0;
				PRODUCT_BUNDLE_IDENTIFIER = "swift-biginner.gitTest322UITests";
				PRODUCT_NAME = "$(TARGET_NAME)";
				SWIFT_EMIT_LOC_STRINGS = NO;
				SWIFT_VERSION = 5.0;
				TARGETED_DEVICE_FAMILY = "1,2";
				TEST_TARGET_NAME = gitTest322;
			};
			name = Release;
		};
/* End XCBuildConfiguration section */

/* Begin XCConfigurationList section */
		787153FF2C760F0800988311 /* Build configuration list for PBXProject "gitTest322" */ = {
			isa = XCConfigurationList;
			buildConfigurations = (
				7871542C2C760F0A00988311 /* Debug */,
				7871542D2C760F0A00988311 /* Release */,
			);
			defaultConfigurationIsVisible = 0;
			defaultConfigurationName = Release;
		};
		7871542E2C760F0A00988311 /* Build configuration list for PBXNativeTarget "gitTest322" */ = {
			isa = XCConfigurationList;
			buildConfigurations = (
				7871542F2C760F0A00988311 /* Debug */,
				787154302C760F0A00988311 /* Release */,
			);
			defaultConfigurationIsVisible = 0;
			defaultConfigurationName = Release;
		};
		787154312C760F0A00988311 /* Build configuration list for PBXNativeTarget "gitTest322Tests" */ = {
			isa = XCConfigurationList;
			buildConfigurations = (
				787154322C760F0A00988311 /* Debug */,
				787154332C760F0A00988311 /* Release */,
			);
			defaultConfigurationIsVisible = 0;
			defaultConfigurationName = Release;
		};
		787154342C760F0A00988311 /* Build configuration list for PBXNativeTarget "gitTest322UITests" */ = {
			isa = XCConfigurationList;
			buildConfigurations = (
				787154352C760F0A00988311 /* Debug */,
				787154362C760F0A00988311 /* Release */,
			);
			defaultConfigurationIsVisible = 0;
			defaultConfigurationName = Release;
		};
/* End XCConfigurationList section */
	};
	rootObject = 787153FC2C760F0800988311 /* Project object */;
}
